// !$*UTF8*$!
{
	archiveVersion = 1;
	classes = {
	};
	objectVersion = 54;
	objects = {

/* Begin PBXBuildFile section */
		0C80B921A6F3F58F76C31292 /* libPods-tentwentyAssignment.a in Frameworks */ = {isa = PBXBuildFile; fileRef = 5DCACB8F33CDC322A6C60F78 /* libPods-tentwentyAssignment.a */; };
		13B07FBF1A68108700A75B9A /* Images.xcassets in Resources */ = {isa = PBXBuildFile; fileRef = 13B07FB51A68108700A75B9A /* Images.xcassets */; };
		14073897E02C432C84AD84DF /* Poppins-ExtraBoldItalic.ttf in Resources */ = {isa = PBXBuildFile; fileRef = 8661F68807974BD39AE99AC0 /* Poppins-ExtraBoldItalic.ttf */; };
		1B99C6EFCF094B26B4FEE145 /* Poppins-Bold.ttf in Resources */ = {isa = PBXBuildFile; fileRef = 2C2A54928C464AB0928DC6EA /* Poppins-Bold.ttf */; };
		1D4A08EB107C4D3E9CDC421E /* FiraMono-Medium.ttf in Resources */ = {isa = PBXBuildFile; fileRef = DBEF255D9B7C4D299A0C62DA /* FiraMono-Medium.ttf */; };
		1FDEA11CD7864669B21B908A /* Inter SemiBold.ttf in Resources */ = {isa = PBXBuildFile; fileRef = 112C6EA1A6DB47AE93F48997 /* Inter SemiBold.ttf */; };
		200C30CE9EC1400280CEAE75 /* Gilroy-Regular.ttf in Resources */ = {isa = PBXBuildFile; fileRef = CFD9523FF19041E5A18073F0 /* Gilroy-Regular.ttf */; };
		24EEFF52F8594F4EBC4316FE /* FiraMono-Bold.ttf in Resources */ = {isa = PBXBuildFile; fileRef = 820C2FABC3A7471BB5CB7175 /* FiraMono-Bold.ttf */; };
		2503F6DF171B4B3490E24EBB /* Gilroy-SemiBold.ttf in Resources */ = {isa = PBXBuildFile; fileRef = 38532121A9A74B8BA6E4C630 /* Gilroy-SemiBold.ttf */; };
		27108157B4364E9199A00AD2 /* Gilroy-Light.ttf in Resources */ = {isa = PBXBuildFile; fileRef = 637C5625057240EB92CCC1CE /* Gilroy-Light.ttf */; };
		2FEFBC0FBCEA418BAF7C3E19 /* Poppins-SemiBoldItalic.ttf in Resources */ = {isa = PBXBuildFile; fileRef = B7A6E93AC19846EA80C3068F /* Poppins-SemiBoldItalic.ttf */; };
		3195D6F7183149B9BAF34645 /* Poppins-Thin.ttf in Resources */ = {isa = PBXBuildFile; fileRef = 0C1E711E590044EBAF204E77 /* Poppins-Thin.ttf */; };
		323363BCF1B84B70A1732088 /* Inter Regular.ttf in Resources */ = {isa = PBXBuildFile; fileRef = EBEFCDD16B044EC598839C02 /* Inter Regular.ttf */; };
		394A7896C65F48829F56F7FF /* Inter Medium.ttf in Resources */ = {isa = PBXBuildFile; fileRef = 98E1201997A043CEB1090602 /* Inter Medium.ttf */; };
		3F06C3F828894D1793BF6FAD /* Poppins-BoldItalic.ttf in Resources */ = {isa = PBXBuildFile; fileRef = 35EBE79D09724EAF9AFCCCDA /* Poppins-BoldItalic.ttf */; };
		3F4D1AEA77FE440EB4DBAFC5 /* Poppins-Light.ttf in Resources */ = {isa = PBXBuildFile; fileRef = F178BE4542A0474DBECAE3F9 /* Poppins-Light.ttf */; };
		40F6A9D0EE264A28A2B0AE55 /* FiraMono-Regular.ttf in Resources */ = {isa = PBXBuildFile; fileRef = F45BBCEBEA8241ADB69A2BC6 /* FiraMono-Regular.ttf */; };
		4DEF687E53EF489BAA693F8A /* Poppins-ThinItalic.ttf in Resources */ = {isa = PBXBuildFile; fileRef = B371D5F0D11C4591A4D25B7F /* Poppins-ThinItalic.ttf */; };
		4DF4C879434147F48D9C2144 /* Poppins-Regular.ttf in Resources */ = {isa = PBXBuildFile; fileRef = 5C278E358C044E74AF035130 /* Poppins-Regular.ttf */; };
		523516D7AF954BF6AE67627B /* Gilroy-Medium.ttf in Resources */ = {isa = PBXBuildFile; fileRef = 888990017C4946CF8DC9CB9C /* Gilroy-Medium.ttf */; };
		546A1D9A634F4C66A8106FAE /* Poppins-Black.ttf in Resources */ = {isa = PBXBuildFile; fileRef = F9B25B1EE607458EAF6D9B24 /* Poppins-Black.ttf */; };
		56DE643717E64290A5F3AC2E /* Poppins-Italic.ttf in Resources */ = {isa = PBXBuildFile; fileRef = 9E59E07D25574D17B40FB2BE /* Poppins-Italic.ttf */; };
		66AE1B26F6CB460E818F0E77 /* Poppins-Medium.ttf in Resources */ = {isa = PBXBuildFile; fileRef = 5E23E58E0DC145BE9A27DC43 /* Poppins-Medium.ttf */; };
		726E213F948344E79A236D0C /* Inter Bold.ttf in Resources */ = {isa = PBXBuildFile; fileRef = A70719B040394A9E800DFAD8 /* Inter Bold.ttf */; };
		72E68B33F6944D8CAA528180 /* Direct-CondensedLight.ttf in Resources */ = {isa = PBXBuildFile; fileRef = 2BD1A3783C314F34B019E075 /* Direct-CondensedLight.ttf */; };
		73717DFA7E19461A82F4F0F1 /* Poppins-ExtraLightItalic.ttf in Resources */ = {isa = PBXBuildFile; fileRef = 3671111AAD824120869DC0F7 /* Poppins-ExtraLightItalic.ttf */; };
		75D28DAE4D1B454B93A961A9 /* Inter Thin.ttf in Resources */ = {isa = PBXBuildFile; fileRef = CF8B06EB4EE345B2AF8D94C3 /* Inter Thin.ttf */; };
		761780ED2CA45674006654EE /* AppDelegate.swift in Sources */ = {isa = PBXBuildFile; fileRef = 761780EC2CA45674006654EE /* AppDelegate.swift */; };
		7A9ACF975D5F415A8FD98D7E /* Inter Light.ttf in Resources */ = {isa = PBXBuildFile; fileRef = 6BBB1F7BFFCD484893C20B2B /* Inter Light.ttf */; };
		7D9C28CCDBE2419EBE46189B /* Direct-SemiCondencedBold.ttf in Resources */ = {isa = PBXBuildFile; fileRef = 03B8984CDAE641FAABCBC485 /* Direct-SemiCondencedBold.ttf */; };
		7FB61A48B5994E32878CAB41 /* Inter ExtraBold.ttf in Resources */ = {isa = PBXBuildFile; fileRef = E608E1392C254CA18B2A3BCF /* Inter ExtraBold.ttf */; };
		81AB9BB82411601600AC10FF /* LaunchScreen.storyboard in Resources */ = {isa = PBXBuildFile; fileRef = 81AB9BB72411601600AC10FF /* LaunchScreen.storyboard */; };
		826C577915E34DB1882B03C1 /* Direct-BoldItalic.ttf in Resources */ = {isa = PBXBuildFile; fileRef = 985C41CE66294A1B9B31B4E4 /* Direct-BoldItalic.ttf */; };
		9149DA8E5D6F4FF7B2B314AA /* Gilroy-Bold.ttf in Resources */ = {isa = PBXBuildFile; fileRef = AACFBDDC7C2C4C62AEE79328 /* Gilroy-Bold.ttf */; };
		9E9ED8E5E50F480FAFD31D15 /* Inter Black.ttf in Resources */ = {isa = PBXBuildFile; fileRef = A364022CA008424C9C1B3B42 /* Inter Black.ttf */; };
		9F3F30F2335F44A6A228345B /* Inter ExtraLight.ttf in Resources */ = {isa = PBXBuildFile; fileRef = 208C160326DC45508D6CCB80 /* Inter ExtraLight.ttf */; };
		C31B67AB9A540886B1977565 /* PrivacyInfo.xcprivacy in Resources */ = {isa = PBXBuildFile; fileRef = 13B07FB81A68108700A75B9A /* PrivacyInfo.xcprivacy */; };
		C4BD1BDBF3CE40CBA012DAD2 /* Direct-Bold.ttf in Resources */ = {isa = PBXBuildFile; fileRef = 25816CAD1F634964B56CD47C /* Direct-Bold.ttf */; };
		C7DFC039AED247FD926B1F18 /* Poppins-BlackItalic.ttf in Resources */ = {isa = PBXBuildFile; fileRef = FC7BAD5E87934DFD93BF65AC /* Poppins-BlackItalic.ttf */; };
		D4088552042E45B39EDC2597 /* Direct-Regular.ttf in Resources */ = {isa = PBXBuildFile; fileRef = 30B29A9A21E14ADFB35765F6 /* Direct-Regular.ttf */; };
		DA5BB7CBDCD6410AA0A47152 /* Direct-Condensed.ttf in Resources */ = {isa = PBXBuildFile; fileRef = AA37A88382FF4BA997E4E1C5 /* Direct-Condensed.ttf */; };
		DBA37E5DE61D4013A6FBB1F3 /* Direct-Italic.ttf in Resources */ = {isa = PBXBuildFile; fileRef = EA7E2243CCAA4A12BAF97BD8 /* Direct-Italic.ttf */; };
		E132AD7E4E9D41D5A57EA103 /* Poppins-MediumItalic.ttf in Resources */ = {isa = PBXBuildFile; fileRef = 6867517F68D94378A1B358E0 /* Poppins-MediumItalic.ttf */; };
		E8E4DEC07DA64B86AC907C2A /* Poppins-LightItalic.ttf in Resources */ = {isa = PBXBuildFile; fileRef = 49F7F127CA334C5BBE90699A /* Poppins-LightItalic.ttf */; };
		F6E9B385AFB84C918B65C87C /* Poppins-ExtraBold.ttf in Resources */ = {isa = PBXBuildFile; fileRef = 64A1049FC2E4452784BBF817 /* Poppins-ExtraBold.ttf */; };
		FA502B242E934B9395E81156 /* Poppins-ExtraLight.ttf in Resources */ = {isa = PBXBuildFile; fileRef = 9DA4A5155E074CA083F663C1 /* Poppins-ExtraLight.ttf */; };
		FDCA91C1909945CEB6D4D8ED /* Poppins-SemiBold.ttf in Resources */ = {isa = PBXBuildFile; fileRef = DFF722C132F44763803829DF /* Poppins-SemiBold.ttf */; };
/* End PBXBuildFile section */

/* Begin PBXFileReference section */
		03B8984CDAE641FAABCBC485 /* Direct-SemiCondencedBold.ttf */ = {isa = PBXFileReference; explicitFileType = undefined; fileEncoding = 9; includeInIndex = 0; lastKnownFileType = unknown; name = "Direct-SemiCondencedBold.ttf"; path = "../src/assets/fonts/Direct-SemiCondencedBold.ttf"; sourceTree = "<group>"; };
		0C1E711E590044EBAF204E77 /* Poppins-Thin.ttf */ = {isa = PBXFileReference; explicitFileType = undefined; fileEncoding = 9; includeInIndex = 0; lastKnownFileType = unknown; name = "Poppins-Thin.ttf"; path = "../src/assets/fonts/Poppins-Thin.ttf"; sourceTree = "<group>"; };
		112C6EA1A6DB47AE93F48997 /* Inter SemiBold.ttf */ = {isa = PBXFileReference; explicitFileType = undefined; fileEncoding = 9; includeInIndex = 0; lastKnownFileType = unknown; name = "Inter SemiBold.ttf"; path = "../src/assets/fonts/Inter SemiBold.ttf"; sourceTree = "<group>"; };
		13B07F961A680F5B00A75B9A /* tentwentyAssignment.app */ = {isa = PBXFileReference; explicitFileType = wrapper.application; includeInIndex = 0; path = tentwentyAssignment.app; sourceTree = BUILT_PRODUCTS_DIR; };
		13B07FB51A68108700A75B9A /* Images.xcassets */ = {isa = PBXFileReference; lastKnownFileType = folder.assetcatalog; name = Images.xcassets; path = tentwentyAssignment/Images.xcassets; sourceTree = "<group>"; };
		13B07FB61A68108700A75B9A /* Info.plist */ = {isa = PBXFileReference; fileEncoding = 4; lastKnownFileType = text.plist.xml; name = Info.plist; path = tentwentyAssignment/Info.plist; sourceTree = "<group>"; };
		13B07FB81A68108700A75B9A /* PrivacyInfo.xcprivacy */ = {isa = PBXFileReference; fileEncoding = 4; lastKnownFileType = text.plist.xml; name = PrivacyInfo.xcprivacy; path = tentwentyAssignment/PrivacyInfo.xcprivacy; sourceTree = "<group>"; };
		208C160326DC45508D6CCB80 /* Inter ExtraLight.ttf */ = {isa = PBXFileReference; explicitFileType = undefined; fileEncoding = 9; includeInIndex = 0; lastKnownFileType = unknown; name = "Inter ExtraLight.ttf"; path = "../src/assets/fonts/Inter ExtraLight.ttf"; sourceTree = "<group>"; };
		25816CAD1F634964B56CD47C /* Direct-Bold.ttf */ = {isa = PBXFileReference; explicitFileType = undefined; fileEncoding = 9; includeInIndex = 0; lastKnownFileType = unknown; name = "Direct-Bold.ttf"; path = "../src/assets/fonts/Direct-Bold.ttf"; sourceTree = "<group>"; };
		2BD1A3783C314F34B019E075 /* Direct-CondensedLight.ttf */ = {isa = PBXFileReference; explicitFileType = undefined; fileEncoding = 9; includeInIndex = 0; lastKnownFileType = unknown; name = "Direct-CondensedLight.ttf"; path = "../src/assets/fonts/Direct-CondensedLight.ttf"; sourceTree = "<group>"; };
		2C2A54928C464AB0928DC6EA /* Poppins-Bold.ttf */ = {isa = PBXFileReference; explicitFileType = undefined; fileEncoding = 9; includeInIndex = 0; lastKnownFileType = unknown; name = "Poppins-Bold.ttf"; path = "../src/assets/fonts/Poppins-Bold.ttf"; sourceTree = "<group>"; };
		30B29A9A21E14ADFB35765F6 /* Direct-Regular.ttf */ = {isa = PBXFileReference; explicitFileType = undefined; fileEncoding = 9; includeInIndex = 0; lastKnownFileType = unknown; name = "Direct-Regular.ttf"; path = "../src/assets/fonts/Direct-Regular.ttf"; sourceTree = "<group>"; };
		35EBE79D09724EAF9AFCCCDA /* Poppins-BoldItalic.ttf */ = {isa = PBXFileReference; explicitFileType = undefined; fileEncoding = 9; includeInIndex = 0; lastKnownFileType = unknown; name = "Poppins-BoldItalic.ttf"; path = "../src/assets/fonts/Poppins-BoldItalic.ttf"; sourceTree = "<group>"; };
		3671111AAD824120869DC0F7 /* Poppins-ExtraLightItalic.ttf */ = {isa = PBXFileReference; explicitFileType = undefined; fileEncoding = 9; includeInIndex = 0; lastKnownFileType = unknown; name = "Poppins-ExtraLightItalic.ttf"; path = "../src/assets/fonts/Poppins-ExtraLightItalic.ttf"; sourceTree = "<group>"; };
		38532121A9A74B8BA6E4C630 /* Gilroy-SemiBold.ttf */ = {isa = PBXFileReference; explicitFileType = undefined; fileEncoding = 9; includeInIndex = 0; lastKnownFileType = unknown; name = "Gilroy-SemiBold.ttf"; path = "../src/assets/fonts/Gilroy-SemiBold.ttf"; sourceTree = "<group>"; };
		3B4392A12AC88292D35C810B /* Pods-tentwentyAssignment.debug.xcconfig */ = {isa = PBXFileReference; includeInIndex = 1; lastKnownFileType = text.xcconfig; name = "Pods-tentwentyAssignment.debug.xcconfig"; path = "Target Support Files/Pods-tentwentyAssignment/Pods-tentwentyAssignment.debug.xcconfig"; sourceTree = "<group>"; };
		49F7F127CA334C5BBE90699A /* Poppins-LightItalic.ttf */ = {isa = PBXFileReference; explicitFileType = undefined; fileEncoding = 9; includeInIndex = 0; lastKnownFileType = unknown; name = "Poppins-LightItalic.ttf"; path = "../src/assets/fonts/Poppins-LightItalic.ttf"; sourceTree = "<group>"; };
		5709B34CF0A7D63546082F79 /* Pods-tentwentyAssignment.release.xcconfig */ = {isa = PBXFileReference; includeInIndex = 1; lastKnownFileType = text.xcconfig; name = "Pods-tentwentyAssignment.release.xcconfig"; path = "Target Support Files/Pods-tentwentyAssignment/Pods-tentwentyAssignment.release.xcconfig"; sourceTree = "<group>"; };
		5C278E358C044E74AF035130 /* Poppins-Regular.ttf */ = {isa = PBXFileReference; explicitFileType = undefined; fileEncoding = 9; includeInIndex = 0; lastKnownFileType = unknown; name = "Poppins-Regular.ttf"; path = "../src/assets/fonts/Poppins-Regular.ttf"; sourceTree = "<group>"; };
		5DCACB8F33CDC322A6C60F78 /* libPods-tentwentyAssignment.a */ = {isa = PBXFileReference; explicitFileType = archive.ar; includeInIndex = 0; path = "libPods-tentwentyAssignment.a"; sourceTree = BUILT_PRODUCTS_DIR; };
		5E23E58E0DC145BE9A27DC43 /* Poppins-Medium.ttf */ = {isa = PBXFileReference; explicitFileType = undefined; fileEncoding = 9; includeInIndex = 0; lastKnownFileType = unknown; name = "Poppins-Medium.ttf"; path = "../src/assets/fonts/Poppins-Medium.ttf"; sourceTree = "<group>"; };
		637C5625057240EB92CCC1CE /* Gilroy-Light.ttf */ = {isa = PBXFileReference; explicitFileType = undefined; fileEncoding = 9; includeInIndex = 0; lastKnownFileType = unknown; name = "Gilroy-Light.ttf"; path = "../src/assets/fonts/Gilroy-Light.ttf"; sourceTree = "<group>"; };
		64A1049FC2E4452784BBF817 /* Poppins-ExtraBold.ttf */ = {isa = PBXFileReference; explicitFileType = undefined; fileEncoding = 9; includeInIndex = 0; lastKnownFileType = unknown; name = "Poppins-ExtraBold.ttf"; path = "../src/assets/fonts/Poppins-ExtraBold.ttf"; sourceTree = "<group>"; };
		6867517F68D94378A1B358E0 /* Poppins-MediumItalic.ttf */ = {isa = PBXFileReference; explicitFileType = undefined; fileEncoding = 9; includeInIndex = 0; lastKnownFileType = unknown; name = "Poppins-MediumItalic.ttf"; path = "../src/assets/fonts/Poppins-MediumItalic.ttf"; sourceTree = "<group>"; };
		6BBB1F7BFFCD484893C20B2B /* Inter Light.ttf */ = {isa = PBXFileReference; explicitFileType = undefined; fileEncoding = 9; includeInIndex = 0; lastKnownFileType = unknown; name = "Inter Light.ttf"; path = "../src/assets/fonts/Inter Light.ttf"; sourceTree = "<group>"; };
		761780EC2CA45674006654EE /* AppDelegate.swift */ = {isa = PBXFileReference; lastKnownFileType = sourcecode.swift; name = AppDelegate.swift; path = tentwentyAssignment/AppDelegate.swift; sourceTree = "<group>"; };
		81AB9BB72411601600AC10FF /* LaunchScreen.storyboard */ = {isa = PBXFileReference; fileEncoding = 4; lastKnownFileType = file.storyboard; name = LaunchScreen.storyboard; path = tentwentyAssignment/LaunchScreen.storyboard; sourceTree = "<group>"; };
		820C2FABC3A7471BB5CB7175 /* FiraMono-Bold.ttf */ = {isa = PBXFileReference; explicitFileType = undefined; fileEncoding = 9; includeInIndex = 0; lastKnownFileType = unknown; name = "FiraMono-Bold.ttf"; path = "../src/assets/fonts/FiraMono-Bold.ttf"; sourceTree = "<group>"; };
		8661F68807974BD39AE99AC0 /* Poppins-ExtraBoldItalic.ttf */ = {isa = PBXFileReference; explicitFileType = undefined; fileEncoding = 9; includeInIndex = 0; lastKnownFileType = unknown; name = "Poppins-ExtraBoldItalic.ttf"; path = "../src/assets/fonts/Poppins-ExtraBoldItalic.ttf"; sourceTree = "<group>"; };
		888990017C4946CF8DC9CB9C /* Gilroy-Medium.ttf */ = {isa = PBXFileReference; explicitFileType = undefined; fileEncoding = 9; includeInIndex = 0; lastKnownFileType = unknown; name = "Gilroy-Medium.ttf"; path = "../src/assets/fonts/Gilroy-Medium.ttf"; sourceTree = "<group>"; };
		985C41CE66294A1B9B31B4E4 /* Direct-BoldItalic.ttf */ = {isa = PBXFileReference; explicitFileType = undefined; fileEncoding = 9; includeInIndex = 0; lastKnownFileType = unknown; name = "Direct-BoldItalic.ttf"; path = "../src/assets/fonts/Direct-BoldItalic.ttf"; sourceTree = "<group>"; };
		98E1201997A043CEB1090602 /* Inter Medium.ttf */ = {isa = PBXFileReference; explicitFileType = undefined; fileEncoding = 9; includeInIndex = 0; lastKnownFileType = unknown; name = "Inter Medium.ttf"; path = "../src/assets/fonts/Inter Medium.ttf"; sourceTree = "<group>"; };
		9DA4A5155E074CA083F663C1 /* Poppins-ExtraLight.ttf */ = {isa = PBXFileReference; explicitFileType = undefined; fileEncoding = 9; includeInIndex = 0; lastKnownFileType = unknown; name = "Poppins-ExtraLight.ttf"; path = "../src/assets/fonts/Poppins-ExtraLight.ttf"; sourceTree = "<group>"; };
		9E59E07D25574D17B40FB2BE /* Poppins-Italic.ttf */ = {isa = PBXFileReference; explicitFileType = undefined; fileEncoding = 9; includeInIndex = 0; lastKnownFileType = unknown; name = "Poppins-Italic.ttf"; path = "../src/assets/fonts/Poppins-Italic.ttf"; sourceTree = "<group>"; };
		A364022CA008424C9C1B3B42 /* Inter Black.ttf */ = {isa = PBXFileReference; explicitFileType = undefined; fileEncoding = 9; includeInIndex = 0; lastKnownFileType = unknown; name = "Inter Black.ttf"; path = "../src/assets/fonts/Inter Black.ttf"; sourceTree = "<group>"; };
		A70719B040394A9E800DFAD8 /* Inter Bold.ttf */ = {isa = PBXFileReference; explicitFileType = undefined; fileEncoding = 9; includeInIndex = 0; lastKnownFileType = unknown; name = "Inter Bold.ttf"; path = "../src/assets/fonts/Inter Bold.ttf"; sourceTree = "<group>"; };
		AA37A88382FF4BA997E4E1C5 /* Direct-Condensed.ttf */ = {isa = PBXFileReference; explicitFileType = undefined; fileEncoding = 9; includeInIndex = 0; lastKnownFileType = unknown; name = "Direct-Condensed.ttf"; path = "../src/assets/fonts/Direct-Condensed.ttf"; sourceTree = "<group>"; };
		AACFBDDC7C2C4C62AEE79328 /* Gilroy-Bold.ttf */ = {isa = PBXFileReference; explicitFileType = undefined; fileEncoding = 9; includeInIndex = 0; lastKnownFileType = unknown; name = "Gilroy-Bold.ttf"; path = "../src/assets/fonts/Gilroy-Bold.ttf"; sourceTree = "<group>"; };
		B371D5F0D11C4591A4D25B7F /* Poppins-ThinItalic.ttf */ = {isa = PBXFileReference; explicitFileType = undefined; fileEncoding = 9; includeInIndex = 0; lastKnownFileType = unknown; name = "Poppins-ThinItalic.ttf"; path = "../src/assets/fonts/Poppins-ThinItalic.ttf"; sourceTree = "<group>"; };
		B7A6E93AC19846EA80C3068F /* Poppins-SemiBoldItalic.ttf */ = {isa = PBXFileReference; explicitFileType = undefined; fileEncoding = 9; includeInIndex = 0; lastKnownFileType = unknown; name = "Poppins-SemiBoldItalic.ttf"; path = "../src/assets/fonts/Poppins-SemiBoldItalic.ttf"; sourceTree = "<group>"; };
		CF8B06EB4EE345B2AF8D94C3 /* Inter Thin.ttf */ = {isa = PBXFileReference; explicitFileType = undefined; fileEncoding = 9; includeInIndex = 0; lastKnownFileType = unknown; name = "Inter Thin.ttf"; path = "../src/assets/fonts/Inter Thin.ttf"; sourceTree = "<group>"; };
		CFD9523FF19041E5A18073F0 /* Gilroy-Regular.ttf */ = {isa = PBXFileReference; explicitFileType = undefined; fileEncoding = 9; includeInIndex = 0; lastKnownFileType = unknown; name = "Gilroy-Regular.ttf"; path = "../src/assets/fonts/Gilroy-Regular.ttf"; sourceTree = "<group>"; };
		DBEF255D9B7C4D299A0C62DA /* FiraMono-Medium.ttf */ = {isa = PBXFileReference; explicitFileType = undefined; fileEncoding = 9; includeInIndex = 0; lastKnownFileType = unknown; name = "FiraMono-Medium.ttf"; path = "../src/assets/fonts/FiraMono-Medium.ttf"; sourceTree = "<group>"; };
		DFF722C132F44763803829DF /* Poppins-SemiBold.ttf */ = {isa = PBXFileReference; explicitFileType = undefined; fileEncoding = 9; includeInIndex = 0; lastKnownFileType = unknown; name = "Poppins-SemiBold.ttf"; path = "../src/assets/fonts/Poppins-SemiBold.ttf"; sourceTree = "<group>"; };
		E608E1392C254CA18B2A3BCF /* Inter ExtraBold.ttf */ = {isa = PBXFileReference; explicitFileType = undefined; fileEncoding = 9; includeInIndex = 0; lastKnownFileType = unknown; name = "Inter ExtraBold.ttf"; path = "../src/assets/fonts/Inter ExtraBold.ttf"; sourceTree = "<group>"; };
		EA7E2243CCAA4A12BAF97BD8 /* Direct-Italic.ttf */ = {isa = PBXFileReference; explicitFileType = undefined; fileEncoding = 9; includeInIndex = 0; lastKnownFileType = unknown; name = "Direct-Italic.ttf"; path = "../src/assets/fonts/Direct-Italic.ttf"; sourceTree = "<group>"; };
		EBEFCDD16B044EC598839C02 /* Inter Regular.ttf */ = {isa = PBXFileReference; explicitFileType = undefined; fileEncoding = 9; includeInIndex = 0; lastKnownFileType = unknown; name = "Inter Regular.ttf"; path = "../src/assets/fonts/Inter Regular.ttf"; sourceTree = "<group>"; };
		ED297162215061F000B7C4FE /* JavaScriptCore.framework */ = {isa = PBXFileReference; lastKnownFileType = wrapper.framework; name = JavaScriptCore.framework; path = System/Library/Frameworks/JavaScriptCore.framework; sourceTree = SDKROOT; };
		F178BE4542A0474DBECAE3F9 /* Poppins-Light.ttf */ = {isa = PBXFileReference; explicitFileType = undefined; fileEncoding = 9; includeInIndex = 0; lastKnownFileType = unknown; name = "Poppins-Light.ttf"; path = "../src/assets/fonts/Poppins-Light.ttf"; sourceTree = "<group>"; };
		F45BBCEBEA8241ADB69A2BC6 /* FiraMono-Regular.ttf */ = {isa = PBXFileReference; explicitFileType = undefined; fileEncoding = 9; includeInIndex = 0; lastKnownFileType = unknown; name = "FiraMono-Regular.ttf"; path = "../src/assets/fonts/FiraMono-Regular.ttf"; sourceTree = "<group>"; };
		F9B25B1EE607458EAF6D9B24 /* Poppins-Black.ttf */ = {isa = PBXFileReference; explicitFileType = undefined; fileEncoding = 9; includeInIndex = 0; lastKnownFileType = unknown; name = "Poppins-Black.ttf"; path = "../src/assets/fonts/Poppins-Black.ttf"; sourceTree = "<group>"; };
		FC7BAD5E87934DFD93BF65AC /* Poppins-BlackItalic.ttf */ = {isa = PBXFileReference; explicitFileType = undefined; fileEncoding = 9; includeInIndex = 0; lastKnownFileType = unknown; name = "Poppins-BlackItalic.ttf"; path = "../src/assets/fonts/Poppins-BlackItalic.ttf"; sourceTree = "<group>"; };
/* End PBXFileReference section */

/* Begin PBXFrameworksBuildPhase section */
		13B07F8C1A680F5B00A75B9A /* Frameworks */ = {
			isa = PBXFrameworksBuildPhase;
			buildActionMask = 2147483647;
			files = (
				0C80B921A6F3F58F76C31292 /* libPods-tentwentyAssignment.a in Frameworks */,
			);
			runOnlyForDeploymentPostprocessing = 0;
		};
/* End PBXFrameworksBuildPhase section */

/* Begin PBXGroup section */
		05C030472A76417DAB3EAC78 /* Resources */ = {
			isa = PBXGroup;
			children = (
				25816CAD1F634964B56CD47C /* Direct-Bold.ttf */,
				985C41CE66294A1B9B31B4E4 /* Direct-BoldItalic.ttf */,
				AA37A88382FF4BA997E4E1C5 /* Direct-Condensed.ttf */,
				2BD1A3783C314F34B019E075 /* Direct-CondensedLight.ttf */,
				EA7E2243CCAA4A12BAF97BD8 /* Direct-Italic.ttf */,
				30B29A9A21E14ADFB35765F6 /* Direct-Regular.ttf */,
				03B8984CDAE641FAABCBC485 /* Direct-SemiCondencedBold.ttf */,
				820C2FABC3A7471BB5CB7175 /* FiraMono-Bold.ttf */,
				DBEF255D9B7C4D299A0C62DA /* FiraMono-Medium.ttf */,
				F45BBCEBEA8241ADB69A2BC6 /* FiraMono-Regular.ttf */,
				AACFBDDC7C2C4C62AEE79328 /* Gilroy-Bold.ttf */,
				637C5625057240EB92CCC1CE /* Gilroy-Light.ttf */,
				888990017C4946CF8DC9CB9C /* Gilroy-Medium.ttf */,
				CFD9523FF19041E5A18073F0 /* Gilroy-Regular.ttf */,
				38532121A9A74B8BA6E4C630 /* Gilroy-SemiBold.ttf */,
				A364022CA008424C9C1B3B42 /* Inter Black.ttf */,
				A70719B040394A9E800DFAD8 /* Inter Bold.ttf */,
				E608E1392C254CA18B2A3BCF /* Inter ExtraBold.ttf */,
				208C160326DC45508D6CCB80 /* Inter ExtraLight.ttf */,
				6BBB1F7BFFCD484893C20B2B /* Inter Light.ttf */,
				98E1201997A043CEB1090602 /* Inter Medium.ttf */,
				EBEFCDD16B044EC598839C02 /* Inter Regular.ttf */,
				112C6EA1A6DB47AE93F48997 /* Inter SemiBold.ttf */,
				CF8B06EB4EE345B2AF8D94C3 /* Inter Thin.ttf */,
				F9B25B1EE607458EAF6D9B24 /* Poppins-Black.ttf */,
				FC7BAD5E87934DFD93BF65AC /* Poppins-BlackItalic.ttf */,
				2C2A54928C464AB0928DC6EA /* Poppins-Bold.ttf */,
				35EBE79D09724EAF9AFCCCDA /* Poppins-BoldItalic.ttf */,
				64A1049FC2E4452784BBF817 /* Poppins-ExtraBold.ttf */,
				8661F68807974BD39AE99AC0 /* Poppins-ExtraBoldItalic.ttf */,
				9DA4A5155E074CA083F663C1 /* Poppins-ExtraLight.ttf */,
				3671111AAD824120869DC0F7 /* Poppins-ExtraLightItalic.ttf */,
				9E59E07D25574D17B40FB2BE /* Poppins-Italic.ttf */,
				F178BE4542A0474DBECAE3F9 /* Poppins-Light.ttf */,
				49F7F127CA334C5BBE90699A /* Poppins-LightItalic.ttf */,
				5E23E58E0DC145BE9A27DC43 /* Poppins-Medium.ttf */,
				6867517F68D94378A1B358E0 /* Poppins-MediumItalic.ttf */,
				5C278E358C044E74AF035130 /* Poppins-Regular.ttf */,
				DFF722C132F44763803829DF /* Poppins-SemiBold.ttf */,
				B7A6E93AC19846EA80C3068F /* Poppins-SemiBoldItalic.ttf */,
				0C1E711E590044EBAF204E77 /* Poppins-Thin.ttf */,
				B371D5F0D11C4591A4D25B7F /* Poppins-ThinItalic.ttf */,
			);
			name = Resources;
			sourceTree = "<group>";
		};
		13B07FAE1A68108700A75B9A /* tentwentyAssignment */ = {
			isa = PBXGroup;
			children = (
				13B07FB51A68108700A75B9A /* Images.xcassets */,
				761780EC2CA45674006654EE /* AppDelegate.swift */,
				13B07FB61A68108700A75B9A /* Info.plist */,
				81AB9BB72411601600AC10FF /* LaunchScreen.storyboard */,
				13B07FB81A68108700A75B9A /* PrivacyInfo.xcprivacy */,
			);
			name = tentwentyAssignment;
			sourceTree = "<group>";
		};
		2D16E6871FA4F8E400B85C8A /* Frameworks */ = {
			isa = PBXGroup;
			children = (
				ED297162215061F000B7C4FE /* JavaScriptCore.framework */,
				5DCACB8F33CDC322A6C60F78 /* libPods-tentwentyAssignment.a */,
			);
			name = Frameworks;
			sourceTree = "<group>";
		};
		832341AE1AAA6A7D00B99B32 /* Libraries */ = {
			isa = PBXGroup;
			children = (
			);
			name = Libraries;
			sourceTree = "<group>";
		};
		83CBB9F61A601CBA00E9B192 = {
			isa = PBXGroup;
			children = (
				13B07FAE1A68108700A75B9A /* tentwentyAssignment */,
				832341AE1AAA6A7D00B99B32 /* Libraries */,
				83CBBA001A601CBA00E9B192 /* Products */,
				2D16E6871FA4F8E400B85C8A /* Frameworks */,
				BBD78D7AC51CEA395F1C20DB /* Pods */,
				05C030472A76417DAB3EAC78 /* Resources */,
			);
			indentWidth = 2;
			sourceTree = "<group>";
			tabWidth = 2;
			usesTabs = 0;
		};
		83CBBA001A601CBA00E9B192 /* Products */ = {
			isa = PBXGroup;
			children = (
				13B07F961A680F5B00A75B9A /* tentwentyAssignment.app */,
			);
			name = Products;
			sourceTree = "<group>";
		};
		BBD78D7AC51CEA395F1C20DB /* Pods */ = {
			isa = PBXGroup;
			children = (
				3B4392A12AC88292D35C810B /* Pods-tentwentyAssignment.debug.xcconfig */,
				5709B34CF0A7D63546082F79 /* Pods-tentwentyAssignment.release.xcconfig */,
			);
			path = Pods;
			sourceTree = "<group>";
		};
/* End PBXGroup section */

/* Begin PBXNativeTarget section */
		13B07F861A680F5B00A75B9A /* tentwentyAssignment */ = {
			isa = PBXNativeTarget;
			buildConfigurationList = 13B07F931A680F5B00A75B9A /* Build configuration list for PBXNativeTarget "tentwentyAssignment" */;
			buildPhases = (
				C38B50BA6285516D6DCD4F65 /* [CP] Check Pods Manifest.lock */,
				13B07F871A680F5B00A75B9A /* Sources */,
				13B07F8C1A680F5B00A75B9A /* Frameworks */,
				13B07F8E1A680F5B00A75B9A /* Resources */,
				00DD1BFF1BD5951E006B06BC /* Bundle React Native code and images */,
				00EEFC60759A1932668264C0 /* [CP] Embed Pods Frameworks */,
				E235C05ADACE081382539298 /* [CP] Copy Pods Resources */,
			);
			buildRules = (
			);
			dependencies = (
			);
			name = tentwentyAssignment;
			productName = tentwentyAssignment;
			productReference = 13B07F961A680F5B00A75B9A /* tentwentyAssignment.app */;
			productType = "com.apple.product-type.application";
		};
/* End PBXNativeTarget section */

/* Begin PBXProject section */
		83CBB9F71A601CBA00E9B192 /* Project object */ = {
			isa = PBXProject;
			attributes = {
				LastUpgradeCheck = 1210;
				TargetAttributes = {
					13B07F861A680F5B00A75B9A = {
						LastSwiftMigration = 1120;
					};
				};
			};
			buildConfigurationList = 83CBB9FA1A601CBA00E9B192 /* Build configuration list for PBXProject "tentwentyAssignment" */;
			compatibilityVersion = "Xcode 12.0";
			developmentRegion = en;
			hasScannedForEncodings = 0;
			knownRegions = (
				en,
				Base,
			);
			mainGroup = 83CBB9F61A601CBA00E9B192;
			productRefGroup = 83CBBA001A601CBA00E9B192 /* Products */;
			projectDirPath = "";
			projectRoot = "";
			targets = (
				13B07F861A680F5B00A75B9A /* tentwentyAssignment */,
			);
		};
/* End PBXProject section */

/* Begin PBXResourcesBuildPhase section */
		13B07F8E1A680F5B00A75B9A /* Resources */ = {
			isa = PBXResourcesBuildPhase;
			buildActionMask = 2147483647;
			files = (
				81AB9BB82411601600AC10FF /* LaunchScreen.storyboard in Resources */,
				13B07FBF1A68108700A75B9A /* Images.xcassets in Resources */,
				C31B67AB9A540886B1977565 /* PrivacyInfo.xcprivacy in Resources */,
				C4BD1BDBF3CE40CBA012DAD2 /* Direct-Bold.ttf in Resources */,
				826C577915E34DB1882B03C1 /* Direct-BoldItalic.ttf in Resources */,
				DA5BB7CBDCD6410AA0A47152 /* Direct-Condensed.ttf in Resources */,
				72E68B33F6944D8CAA528180 /* Direct-CondensedLight.ttf in Resources */,
				DBA37E5DE61D4013A6FBB1F3 /* Direct-Italic.ttf in Resources */,
				D4088552042E45B39EDC2597 /* Direct-Regular.ttf in Resources */,
				7D9C28CCDBE2419EBE46189B /* Direct-SemiCondencedBold.ttf in Resources */,
				24EEFF52F8594F4EBC4316FE /* FiraMono-Bold.ttf in Resources */,
				1D4A08EB107C4D3E9CDC421E /* FiraMono-Medium.ttf in Resources */,
				40F6A9D0EE264A28A2B0AE55 /* FiraMono-Regular.ttf in Resources */,
				9149DA8E5D6F4FF7B2B314AA /* Gilroy-Bold.ttf in Resources */,
				27108157B4364E9199A00AD2 /* Gilroy-Light.ttf in Resources */,
				523516D7AF954BF6AE67627B /* Gilroy-Medium.ttf in Resources */,
				200C30CE9EC1400280CEAE75 /* Gilroy-Regular.ttf in Resources */,
				2503F6DF171B4B3490E24EBB /* Gilroy-SemiBold.ttf in Resources */,
				9E9ED8E5E50F480FAFD31D15 /* Inter Black.ttf in Resources */,
				726E213F948344E79A236D0C /* Inter Bold.ttf in Resources */,
				7FB61A48B5994E32878CAB41 /* Inter ExtraBold.ttf in Resources */,
				9F3F30F2335F44A6A228345B /* Inter ExtraLight.ttf in Resources */,
				7A9ACF975D5F415A8FD98D7E /* Inter Light.ttf in Resources */,
				394A7896C65F48829F56F7FF /* Inter Medium.ttf in Resources */,
				323363BCF1B84B70A1732088 /* Inter Regular.ttf in Resources */,
				1FDEA11CD7864669B21B908A /* Inter SemiBold.ttf in Resources */,
				75D28DAE4D1B454B93A961A9 /* Inter Thin.ttf in Resources */,
				546A1D9A634F4C66A8106FAE /* Poppins-Black.ttf in Resources */,
				C7DFC039AED247FD926B1F18 /* Poppins-BlackItalic.ttf in Resources */,
				1B99C6EFCF094B26B4FEE145 /* Poppins-Bold.ttf in Resources */,
				3F06C3F828894D1793BF6FAD /* Poppins-BoldItalic.ttf in Resources */,
				F6E9B385AFB84C918B65C87C /* Poppins-ExtraBold.ttf in Resources */,
				14073897E02C432C84AD84DF /* Poppins-ExtraBoldItalic.ttf in Resources */,
				FA502B242E934B9395E81156 /* Poppins-ExtraLight.ttf in Resources */,
				73717DFA7E19461A82F4F0F1 /* Poppins-ExtraLightItalic.ttf in Resources */,
				56DE643717E64290A5F3AC2E /* Poppins-Italic.ttf in Resources */,
				3F4D1AEA77FE440EB4DBAFC5 /* Poppins-Light.ttf in Resources */,
				E8E4DEC07DA64B86AC907C2A /* Poppins-LightItalic.ttf in Resources */,
				66AE1B26F6CB460E818F0E77 /* Poppins-Medium.ttf in Resources */,
				E132AD7E4E9D41D5A57EA103 /* Poppins-MediumItalic.ttf in Resources */,
				4DF4C879434147F48D9C2144 /* Poppins-Regular.ttf in Resources */,
				FDCA91C1909945CEB6D4D8ED /* Poppins-SemiBold.ttf in Resources */,
				2FEFBC0FBCEA418BAF7C3E19 /* Poppins-SemiBoldItalic.ttf in Resources */,
				3195D6F7183149B9BAF34645 /* Poppins-Thin.ttf in Resources */,
				4DEF687E53EF489BAA693F8A /* Poppins-ThinItalic.ttf in Resources */,
			);
			runOnlyForDeploymentPostprocessing = 0;
		};
/* End PBXResourcesBuildPhase section */

/* Begin PBXShellScriptBuildPhase section */
		00DD1BFF1BD5951E006B06BC /* Bundle React Native code and images */ = {
			isa = PBXShellScriptBuildPhase;
			buildActionMask = 2147483647;
			files = (
			);
			inputPaths = (
				"$(SRCROOT)/.xcode.env.local",
				"$(SRCROOT)/.xcode.env",
			);
			name = "Bundle React Native code and images";
			outputPaths = (
			);
			runOnlyForDeploymentPostprocessing = 0;
			shellPath = /bin/sh;
			shellScript = "set -e\n\nWITH_ENVIRONMENT=\"$REACT_NATIVE_PATH/scripts/xcode/with-environment.sh\"\nREACT_NATIVE_XCODE=\"$REACT_NATIVE_PATH/scripts/react-native-xcode.sh\"\n\n/bin/sh -c \"$WITH_ENVIRONMENT $REACT_NATIVE_XCODE\"\n";
		};
		00EEFC60759A1932668264C0 /* [CP] Embed Pods Frameworks */ = {
			isa = PBXShellScriptBuildPhase;
			buildActionMask = 2147483647;
			files = (
			);
			inputFileListPaths = (
				"${PODS_ROOT}/Target Support Files/Pods-tentwentyAssignment/Pods-tentwentyAssignment-frameworks-${CONFIGURATION}-input-files.xcfilelist",
			);
			name = "[CP] Embed Pods Frameworks";
			outputFileListPaths = (
				"${PODS_ROOT}/Target Support Files/Pods-tentwentyAssignment/Pods-tentwentyAssignment-frameworks-${CONFIGURATION}-output-files.xcfilelist",
			);
			runOnlyForDeploymentPostprocessing = 0;
			shellPath = /bin/sh;
			shellScript = "\"${PODS_ROOT}/Target Support Files/Pods-tentwentyAssignment/Pods-tentwentyAssignment-frameworks.sh\"\n";
			showEnvVarsInLog = 0;
		};
		C38B50BA6285516D6DCD4F65 /* [CP] Check Pods Manifest.lock */ = {
			isa = PBXShellScriptBuildPhase;
			buildActionMask = 2147483647;
			files = (
			);
			inputFileListPaths = (
			);
			inputPaths = (
				"${PODS_PODFILE_DIR_PATH}/Podfile.lock",
				"${PODS_ROOT}/Manifest.lock",
			);
			name = "[CP] Check Pods Manifest.lock";
			outputFileListPaths = (
			);
			outputPaths = (
				"$(DERIVED_FILE_DIR)/Pods-tentwentyAssignment-checkManifestLockResult.txt",
			);
			runOnlyForDeploymentPostprocessing = 0;
			shellPath = /bin/sh;
			shellScript = "diff \"${PODS_PODFILE_DIR_PATH}/Podfile.lock\" \"${PODS_ROOT}/Manifest.lock\" > /dev/null\nif [ $? != 0 ] ; then\n    # print error to STDERR\n    echo \"error: The sandbox is not in sync with the Podfile.lock. Run 'pod install' or update your CocoaPods installation.\" >&2\n    exit 1\nfi\n# This output is used by Xcode 'outputs' to avoid re-running this script phase.\necho \"SUCCESS\" > \"${SCRIPT_OUTPUT_FILE_0}\"\n";
			showEnvVarsInLog = 0;
		};
		E235C05ADACE081382539298 /* [CP] Copy Pods Resources */ = {
			isa = PBXShellScriptBuildPhase;
			buildActionMask = 2147483647;
			files = (
			);
			inputFileListPaths = (
				"${PODS_ROOT}/Target Support Files/Pods-tentwentyAssignment/Pods-tentwentyAssignment-resources-${CONFIGURATION}-input-files.xcfilelist",
			);
			name = "[CP] Copy Pods Resources";
			outputFileListPaths = (
				"${PODS_ROOT}/Target Support Files/Pods-tentwentyAssignment/Pods-tentwentyAssignment-resources-${CONFIGURATION}-output-files.xcfilelist",
			);
			runOnlyForDeploymentPostprocessing = 0;
			shellPath = /bin/sh;
			shellScript = "\"${PODS_ROOT}/Target Support Files/Pods-tentwentyAssignment/Pods-tentwentyAssignment-resources.sh\"\n";
			showEnvVarsInLog = 0;
		};
/* End PBXShellScriptBuildPhase section */

/* Begin PBXSourcesBuildPhase section */
		13B07F871A680F5B00A75B9A /* Sources */ = {
			isa = PBXSourcesBuildPhase;
			buildActionMask = 2147483647;
			files = (
				761780ED2CA45674006654EE /* AppDelegate.swift in Sources */,
			);
			runOnlyForDeploymentPostprocessing = 0;
		};
/* End PBXSourcesBuildPhase section */

/* Begin XCBuildConfiguration section */
		13B07F941A680F5B00A75B9A /* Debug */ = {
			isa = XCBuildConfiguration;
			baseConfigurationReference = 3B4392A12AC88292D35C810B /* Pods-tentwentyAssignment.debug.xcconfig */;
			buildSettings = {
				ASSETCATALOG_COMPILER_APPICON_NAME = AppIcon;
				CLANG_ENABLE_MODULES = YES;
				CURRENT_PROJECT_VERSION = 1;
				DEVELOPMENT_TEAM = 3L6VABYTC6;
				ENABLE_BITCODE = NO;
				INFOPLIST_FILE = tentwentyAssignment/Info.plist;
				IPHONEOS_DEPLOYMENT_TARGET = 15.1;
				LD_RUNPATH_SEARCH_PATHS = (
					"$(inherited)",
					"@executable_path/Frameworks",
				);
				MARKETING_VERSION = 1.0;
				OTHER_LDFLAGS = (
					"$(inherited)",
					"-ObjC",
					"-lc++",
				);
				PRODUCT_BUNDLE_IDENTIFIER = "org.reactjs.native.example.$(PRODUCT_NAME:rfc1034identifier)";
				PRODUCT_NAME = tentwentyAssignment;
				SWIFT_OPTIMIZATION_LEVEL = "-Onone";
				SWIFT_VERSION = 5.0;
				VERSIONING_SYSTEM = "apple-generic";
			};
			name = Debug;
		};
		13B07F951A680F5B00A75B9A /* Release */ = {
			isa = XCBuildConfiguration;
			baseConfigurationReference = 5709B34CF0A7D63546082F79 /* Pods-tentwentyAssignment.release.xcconfig */;
			buildSettings = {
				ASSETCATALOG_COMPILER_APPICON_NAME = AppIcon;
				CLANG_ENABLE_MODULES = YES;
				CURRENT_PROJECT_VERSION = 1;
				DEVELOPMENT_TEAM = 3L6VABYTC6;
				INFOPLIST_FILE = tentwentyAssignment/Info.plist;
				IPHONEOS_DEPLOYMENT_TARGET = 15.1;
				LD_RUNPATH_SEARCH_PATHS = (
					"$(inherited)",
					"@executable_path/Frameworks",
				);
				MARKETING_VERSION = 1.0;
				OTHER_LDFLAGS = (
					"$(inherited)",
					"-ObjC",
					"-lc++",
				);
				PRODUCT_BUNDLE_IDENTIFIER = "org.reactjs.native.example.$(PRODUCT_NAME:rfc1034identifier)";
				PRODUCT_NAME = tentwentyAssignment;
				SWIFT_VERSION = 5.0;
				VERSIONING_SYSTEM = "apple-generic";
			};
			name = Release;
		};
		83CBBA201A601CBA00E9B192 /* Debug */ = {
			isa = XCBuildConfiguration;
			buildSettings = {
				ALWAYS_SEARCH_USER_PATHS = NO;
				CLANG_ANALYZER_LOCALIZABILITY_NONLOCALIZED = YES;
				CLANG_CXX_LANGUAGE_STANDARD = "c++20";
				CLANG_CXX_LIBRARY = "libc++";
				CLANG_ENABLE_MODULES = YES;
				CLANG_ENABLE_OBJC_ARC = YES;
				CLANG_WARN_BLOCK_CAPTURE_AUTORELEASING = YES;
				CLANG_WARN_BOOL_CONVERSION = YES;
				CLANG_WARN_COMMA = YES;
				CLANG_WARN_CONSTANT_CONVERSION = YES;
				CLANG_WARN_DEPRECATED_OBJC_IMPLEMENTATIONS = YES;
				CLANG_WARN_DIRECT_OBJC_ISA_USAGE = YES_ERROR;
				CLANG_WARN_EMPTY_BODY = YES;
				CLANG_WARN_ENUM_CONVERSION = YES;
				CLANG_WARN_INFINITE_RECURSION = YES;
				CLANG_WARN_INT_CONVERSION = YES;
				CLANG_WARN_NON_LITERAL_NULL_CONVERSION = YES;
				CLANG_WARN_OBJC_IMPLICIT_RETAIN_SELF = YES;
				CLANG_WARN_OBJC_LITERAL_CONVERSION = YES;
				CLANG_WARN_OBJC_ROOT_CLASS = YES_ERROR;
				CLANG_WARN_QUOTED_INCLUDE_IN_FRAMEWORK_HEADER = YES;
				CLANG_WARN_RANGE_LOOP_ANALYSIS = YES;
				CLANG_WARN_STRICT_PROTOTYPES = YES;
				CLANG_WARN_SUSPICIOUS_MOVE = YES;
				CLANG_WARN_UNREACHABLE_CODE = YES;
				CLANG_WARN__DUPLICATE_METHOD_MATCH = YES;
				"CODE_SIGN_IDENTITY[sdk=iphoneos*]" = "iPhone Developer";
				COPY_PHASE_STRIP = NO;
				ENABLE_STRICT_OBJC_MSGSEND = YES;
				ENABLE_TESTABILITY = YES;
				"EXCLUDED_ARCHS[sdk=iphonesimulator*]" = "";
				GCC_C_LANGUAGE_STANDARD = gnu99;
				GCC_DYNAMIC_NO_PIC = NO;
				GCC_NO_COMMON_BLOCKS = YES;
				GCC_OPTIMIZATION_LEVEL = 0;
				GCC_PREPROCESSOR_DEFINITIONS = (
					"DEBUG=1",
					"$(inherited)",
				);
				GCC_SYMBOLS_PRIVATE_EXTERN = NO;
				GCC_WARN_64_TO_32_BIT_CONVERSION = YES;
				GCC_WARN_ABOUT_RETURN_TYPE = YES_ERROR;
				GCC_WARN_UNDECLARED_SELECTOR = YES;
				GCC_WARN_UNINITIALIZED_AUTOS = YES_AGGRESSIVE;
				GCC_WARN_UNUSED_FUNCTION = YES;
				GCC_WARN_UNUSED_VARIABLE = YES;
				IPHONEOS_DEPLOYMENT_TARGET = 15.1;
				LD_RUNPATH_SEARCH_PATHS = (
					/usr/lib/swift,
					"$(inherited)",
				);
				LIBRARY_SEARCH_PATHS = (
					"\"$(SDKROOT)/usr/lib/swift\"",
					"\"$(TOOLCHAIN_DIR)/usr/lib/swift/$(PLATFORM_NAME)\"",
					"\"$(inherited)\"",
				);
				MTL_ENABLE_DEBUG_INFO = YES;
				ONLY_ACTIVE_ARCH = YES;
				OTHER_CPLUSPLUSFLAGS = (
					"$(OTHER_CFLAGS)",
					"-DFOLLY_NO_CONFIG",
					"-DFOLLY_MOBILE=1",
					"-DFOLLY_USE_LIBCPP=1",
					"-DFOLLY_CFG_NO_COROUTINES=1",
					"-DFOLLY_HAVE_CLOCK_GETTIME=1",
				);
				OTHER_LDFLAGS = (
					"$(inherited)",
					" ",
				);
				REACT_NATIVE_PATH = "${PODS_ROOT}/../../node_modules/react-native";
				SDKROOT = iphoneos;
				SWIFT_ACTIVE_COMPILATION_CONDITIONS = "$(inherited) DEBUG";
				USE_HERMES = true;
			};
			name = Debug;
		};
		83CBBA211A601CBA00E9B192 /* Release */ = {
			isa = XCBuildConfiguration;
			buildSettings = {
				ALWAYS_SEARCH_USER_PATHS = NO;
				CLANG_ANALYZER_LOCALIZABILITY_NONLOCALIZED = YES;
				CLANG_CXX_LANGUAGE_STANDARD = "c++20";
				CLANG_CXX_LIBRARY = "libc++";
				CLANG_ENABLE_MODULES = YES;
				CLANG_ENABLE_OBJC_ARC = YES;
				CLANG_WARN_BLOCK_CAPTURE_AUTORELEASING = YES;
				CLANG_WARN_BOOL_CONVERSION = YES;
				CLANG_WARN_COMMA = YES;
				CLANG_WARN_CONSTANT_CONVERSION = YES;
				CLANG_WARN_DEPRECATED_OBJC_IMPLEMENTATIONS = YES;
				CLANG_WARN_DIRECT_OBJC_ISA_USAGE = YES_ERROR;
				CLANG_WARN_EMPTY_BODY = YES;
				CLANG_WARN_ENUM_CONVERSION = YES;
				CLANG_WARN_INFINITE_RECURSION = YES;
				CLANG_WARN_INT_CONVERSION = YES;
				CLANG_WARN_NON_LITERAL_NULL_CONVERSION = YES;
				CLANG_WARN_OBJC_IMPLICIT_RETAIN_SELF = YES;
				CLANG_WARN_OBJC_LITERAL_CONVERSION = YES;
				CLANG_WARN_OBJC_ROOT_CLASS = YES_ERROR;
				CLANG_WARN_QUOTED_INCLUDE_IN_FRAMEWORK_HEADER = YES;
				CLANG_WARN_RANGE_LOOP_ANALYSIS = YES;
				CLANG_WARN_STRICT_PROTOTYPES = YES;
				CLANG_WARN_SUSPICIOUS_MOVE = YES;
				CLANG_WARN_UNREACHABLE_CODE = YES;
				CLANG_WARN__DUPLICATE_METHOD_MATCH = YES;
				"CODE_SIGN_IDENTITY[sdk=iphoneos*]" = "iPhone Developer";
				COPY_PHASE_STRIP = YES;
				ENABLE_NS_ASSERTIONS = NO;
				ENABLE_STRICT_OBJC_MSGSEND = YES;
				"EXCLUDED_ARCHS[sdk=iphonesimulator*]" = "";
				GCC_C_LANGUAGE_STANDARD = gnu99;
				GCC_NO_COMMON_BLOCKS = YES;
				GCC_WARN_64_TO_32_BIT_CONVERSION = YES;
				GCC_WARN_ABOUT_RETURN_TYPE = YES_ERROR;
				GCC_WARN_UNDECLARED_SELECTOR = YES;
				GCC_WARN_UNINITIALIZED_AUTOS = YES_AGGRESSIVE;
				GCC_WARN_UNUSED_FUNCTION = YES;
				GCC_WARN_UNUSED_VARIABLE = YES;
				IPHONEOS_DEPLOYMENT_TARGET = 15.1;
				LD_RUNPATH_SEARCH_PATHS = (
					/usr/lib/swift,
					"$(inherited)",
				);
				LIBRARY_SEARCH_PATHS = (
					"\"$(SDKROOT)/usr/lib/swift\"",
					"\"$(TOOLCHAIN_DIR)/usr/lib/swift/$(PLATFORM_NAME)\"",
					"\"$(inherited)\"",
				);
				MTL_ENABLE_DEBUG_INFO = NO;
				OTHER_CPLUSPLUSFLAGS = (
					"$(OTHER_CFLAGS)",
					"-DFOLLY_NO_CONFIG",
					"-DFOLLY_MOBILE=1",
					"-DFOLLY_USE_LIBCPP=1",
					"-DFOLLY_CFG_NO_COROUTINES=1",
					"-DFOLLY_HAVE_CLOCK_GETTIME=1",
				);
				OTHER_LDFLAGS = (
					"$(inherited)",
					" ",
				);
				REACT_NATIVE_PATH = "${PODS_ROOT}/../../node_modules/react-native";
				SDKROOT = iphoneos;
				USE_HERMES = true;
				VALIDATE_PRODUCT = YES;
			};
			name = Release;
		};
/* End XCBuildConfiguration section */

/* Begin XCConfigurationList section */
		13B07F931A680F5B00A75B9A /* Build configuration list for PBXNativeTarget "tentwentyAssignment" */ = {
			isa = XCConfigurationList;
			buildConfigurations = (
				13B07F941A680F5B00A75B9A /* Debug */,
				13B07F951A680F5B00A75B9A /* Release */,
			);
			defaultConfigurationIsVisible = 0;
			defaultConfigurationName = Release;
		};
		83CBB9FA1A601CBA00E9B192 /* Build configuration list for PBXProject "tentwentyAssignment" */ = {
			isa = XCConfigurationList;
			buildConfigurations = (
				83CBBA201A601CBA00E9B192 /* Debug */,
				83CBBA211A601CBA00E9B192 /* Release */,
			);
			defaultConfigurationIsVisible = 0;
			defaultConfigurationName = Release;
		};
/* End XCConfigurationList section */
	};
	rootObject = 83CBB9F71A601CBA00E9B192 /* Project object */;
}
